cloud.google.com/go v0.97.0/go.mod h1:GF7l59pYBVlXQIBLx3a761cZ41F9bBH3JUlihCt2Udc=
cloud.google.com/go v0.99.0/go.mod h1:w0Xx2nLzqWJPuozYQX+hFfCSI8WioryfRDzkoI/Y2ZA=
cloud.google.com/go v0.100.1/go.mod h1:fs4QogzfH5n2pBXBP9vRiU+eCny7lD2vmFZy79Iuw1U=
cloud.google.com/go v0.100.2 h1:t9Iw5QH5v4XtlEQaCtUY7x6sCABps8sW0acw7e2WQ6Y=
cloud.google.com/go v0.100.2/go.mod h1:4Xra9TjzAeYHrl5+oeLlzbM2k3mjVhZh4UqTZ//w99A=
github.com/Azure/azure-sdk-for-go v51.1.0+incompatible/go.mod h1:9XXNKU+eRnpl9moKnB4QOLf1HestfXbmab5FXxiDBjc=
github.com/Azure/azure-sdk-for-go v59.3.0+incompatible h1:dPIm0BO4jsMXFcCI/sLTPkBtE7mk8WMuRHA0JeWhlcQ=
github.com/Azure/azure-sdk-for-go v59.3.0+incompatible/go.mod h1:9XXNKU+eRnpl9moKnB4QOLf1HestfXbmab5FXxiDBjc=
golang.org/x/mod v0.4.2/go.mod h1:s0Qsj1ACt9ePp/hMypM3fl4fZqREWJwdYDEqhRiZZUA=
golang.org/x/mod v0.5.0/go.mod h1:5OXOZSfqPIIbmVBIIKWRFfZjPR0E5r58TLhUjH0a2Ro=
golang.org/x/mod v0.6.0-dev.0.20220419223038-86c51ed26bb4 h1:6zppjxzCulZykYSLyVDYbneBfbaBIQPYMevg0bEwv2s=
golang.org/x/mod v0.6.0-dev.0.20220419223038-86c51ed26bb4/go.mod h1:jJ57K6gSWd91VN4djpZkiMVwK6gcyfeH4XE8wZrZaV4=
